
Microsoft Visual Studio Solution File, Format Version 12.00
# Visual Studio Version 17
VisualStudioVersion = 17.14.36915.13 d17.14
MinimumVisualStudioVersion = 10.0.40219.1
Project("{FAE04EC0-301F-11D3-BF4B-00C04F79EFBC}") = "SESSION_01", "SESSION_01.csproj", "{038078E6-8C93-4CA7-B3A6-7058C2825B9D}"
EndProject
Global
	GlobalSection(SolutionConfigurationPlatforms) = preSolution
		Debug|Any CPU = Debug|Any CPU
		Release|Any CPU = Release|Any CPU
	EndGlobalSection
	GlobalSection(ProjectConfigurationPlatforms) = postSolution
		{038078E6-8C93-4CA7-B3A6-7058C2825B9D}.Debug|Any CPU.ActiveCfg = Debug|Any CPU
		{038078E6-8C93-4CA7-B3A6-7058C2825B9D}.Debug|Any CPU.Build.0 = Debug|Any CPU
		{038078E6-8C93-4CA7-B3A6-7058C2825B9D}.Release|Any CPU.ActiveCfg = Release|Any CPU
		{038078E6-8C93-4CA7-B3A6-7058C2825B9D}.Release|Any CPU.Build.0 = Release|Any CPU
	EndGlobalSection
	GlobalSection(SolutionProperties) = preSolution
		HideSolutionNode = FALSE
	EndGlobalSection
	GlobalSection(ExtensibilityGlobals) = postSolution
		SolutionGuid = {CC71547B-B292-46E9-97DD-47988B06A061}
	EndGlobalSection
EndGlobal
